// !$*UTF8*$!
{
	archiveVersion = 1;
	classes = {
	};
	objectVersion = 48;
	objects = {

/* Begin PBXBuildFile section */
		81E321D9CFED968253A145A0 /* Pods_BigBurger.framework in Frameworks */ = {isa = PBXBuildFile; fileRef = D2E1FF027245C10EF897FFC3 /* Pods_BigBurger.framework */; };
		AD0E494120190ACB000A256E /* BaseTableViewController.swift in Sources */ = {isa = PBXBuildFile; fileRef = AD0E494020190ACB000A256E /* BaseTableViewController.swift */; };
		AD1892F62012FD1200E946F8 /* MenusViewController.swift in Sources */ = {isa = PBXBuildFile; fileRef = AD1892F52012FD1200E946F8 /* MenusViewController.swift */; };
		AD1892FB2012FE6500E946F8 /* NetworkProvider.swift in Sources */ = {isa = PBXBuildFile; fileRef = AD1892FA2012FE6500E946F8 /* NetworkProvider.swift */; };
		AD1892FD2012FED100E946F8 /* LaunchScreen.storyboard in Resources */ = {isa = PBXBuildFile; fileRef = AD1892FC2012FED100E946F8 /* LaunchScreen.storyboard */; };
		AD189300201300E700E946F8 /* BurgerCell.swift in Sources */ = {isa = PBXBuildFile; fileRef = AD1892FF201300E700E946F8 /* BurgerCell.swift */; };
		AD5010B5201305610019D7AA /* MenusContracts.swift in Sources */ = {isa = PBXBuildFile; fileRef = AD5010B4201305610019D7AA /* MenusContracts.swift */; };
		AD5010B7201305790019D7AA /* MenusPresenter.swift in Sources */ = {isa = PBXBuildFile; fileRef = AD5010B6201305790019D7AA /* MenusPresenter.swift */; };
		AD57258620130C8A0040A25B /* BasePresenter.swift in Sources */ = {isa = PBXBuildFile; fileRef = AD57258520130C8A0040A25B /* BasePresenter.swift */; };
		AD57258820130CB90040A25B /* BaseView.swift in Sources */ = {isa = PBXBuildFile; fileRef = AD57258720130CB90040A25B /* BaseView.swift */; };
		AD57258B20130D800040A25B /* UIViewControllerExtension.swift in Sources */ = {isa = PBXBuildFile; fileRef = AD57258A20130D800040A25B /* UIViewControllerExtension.swift */; };
		AD7ADA16202F58E5005B9D03 /* APIError.swift in Sources */ = {isa = PBXBuildFile; fileRef = AD7ADA15202F58E5005B9D03 /* APIError.swift */; };
		ADAB2D7C20132A1600D0A760 /* BaseEventHandler.swift in Sources */ = {isa = PBXBuildFile; fileRef = ADAB2D7B20132A1600D0A760 /* BaseEventHandler.swift */; };
		ADC16C38201291AA00233215 /* AppDelegate.swift in Sources */ = {isa = PBXBuildFile; fileRef = ADC16C37201291AA00233215 /* AppDelegate.swift */; };
		ADC16C3D201291AA00233215 /* Main.storyboard in Resources */ = {isa = PBXBuildFile; fileRef = ADC16C3B201291AA00233215 /* Main.storyboard */; };
		ADC16C3F201291AA00233215 /* Assets.xcassets in Resources */ = {isa = PBXBuildFile; fileRef = ADC16C3E201291AA00233215 /* Assets.xcassets */; };
		ADC16C4C201291E100233215 /* Burger.swift in Sources */ = {isa = PBXBuildFile; fileRef = ADC16C4B201291E100233215 /* Burger.swift */; };
		ADC16C50201293C400233215 /* DataManager.swift in Sources */ = {isa = PBXBuildFile; fileRef = ADC16C4F201293C400233215 /* DataManager.swift */; };
/* End PBXBuildFile section */

/* Begin PBXFileReference section */
		3C3EBCDFCC1FC772380CEBE9 /* Pods-BigBurger.debug.xcconfig */ = {isa = PBXFileReference; includeInIndex = 1; lastKnownFileType = text.xcconfig; name = "Pods-BigBurger.debug.xcconfig"; path = "Pods/Target Support Files/Pods-BigBurger/Pods-BigBurger.debug.xcconfig"; sourceTree = "<group>"; };
		AD0E494020190ACB000A256E /* BaseTableViewController.swift */ = {isa = PBXFileReference; lastKnownFileType = sourcecode.swift; path = BaseTableViewController.swift; sourceTree = "<group>"; };
		AD1892F52012FD1200E946F8 /* MenusViewController.swift */ = {isa = PBXFileReference; lastKnownFileType = sourcecode.swift; path = MenusViewController.swift; sourceTree = "<group>"; };
		AD1892FA2012FE6500E946F8 /* NetworkProvider.swift */ = {isa = PBXFileReference; lastKnownFileType = sourcecode.swift; path = NetworkProvider.swift; sourceTree = "<group>"; };
		AD1892FC2012FED100E946F8 /* LaunchScreen.storyboard */ = {isa = PBXFileReference; lastKnownFileType = file.storyboard; path = LaunchScreen.storyboard; sourceTree = "<group>"; };
		AD1892FF201300E700E946F8 /* BurgerCell.swift */ = {isa = PBXFileReference; lastKnownFileType = sourcecode.swift; path = BurgerCell.swift; sourceTree = "<group>"; };
		AD5010B4201305610019D7AA /* MenusContracts.swift */ = {isa = PBXFileReference; lastKnownFileType = sourcecode.swift; path = MenusContracts.swift; sourceTree = "<group>"; };
		AD5010B6201305790019D7AA /* MenusPresenter.swift */ = {isa = PBXFileReference; lastKnownFileType = sourcecode.swift; path = MenusPresenter.swift; sourceTree = "<group>"; };
		AD57258520130C8A0040A25B /* BasePresenter.swift */ = {isa = PBXFileReference; lastKnownFileType = sourcecode.swift; path = BasePresenter.swift; sourceTree = "<group>"; };
		AD57258720130CB90040A25B /* BaseView.swift */ = {isa = PBXFileReference; lastKnownFileType = sourcecode.swift; path = BaseView.swift; sourceTree = "<group>"; };
		AD57258A20130D800040A25B /* UIViewControllerExtension.swift */ = {isa = PBXFileReference; lastKnownFileType = sourcecode.swift; path = UIViewControllerExtension.swift; sourceTree = "<group>"; };
		AD7ADA15202F58E5005B9D03 /* APIError.swift */ = {isa = PBXFileReference; lastKnownFileType = sourcecode.swift; path = APIError.swift; sourceTree = "<group>"; };
		ADAB2D7B20132A1600D0A760 /* BaseEventHandler.swift */ = {isa = PBXFileReference; lastKnownFileType = sourcecode.swift; path = BaseEventHandler.swift; sourceTree = "<group>"; };
		ADC16C34201291AA00233215 /* BigBurger.app */ = {isa = PBXFileReference; explicitFileType = wrapper.application; includeInIndex = 0; path = BigBurger.app; sourceTree = BUILT_PRODUCTS_DIR; };
		ADC16C37201291AA00233215 /* AppDelegate.swift */ = {isa = PBXFileReference; lastKnownFileType = sourcecode.swift; path = AppDelegate.swift; sourceTree = "<group>"; };
		ADC16C3C201291AA00233215 /* Base */ = {isa = PBXFileReference; lastKnownFileType = file.storyboard; name = Base; path = Base.lproj/Main.storyboard; sourceTree = "<group>"; };
		ADC16C3E201291AA00233215 /* Assets.xcassets */ = {isa = PBXFileReference; lastKnownFileType = folder.assetcatalog; path = Assets.xcassets; sourceTree = "<group>"; };
		ADC16C43201291AA00233215 /* Info.plist */ = {isa = PBXFileReference; lastKnownFileType = text.plist.xml; path = Info.plist; sourceTree = "<group>"; };
		ADC16C4B201291E100233215 /* Burger.swift */ = {isa = PBXFileReference; lastKnownFileType = sourcecode.swift; path = Burger.swift; sourceTree = "<group>"; };
		ADC16C4F201293C400233215 /* DataManager.swift */ = {isa = PBXFileReference; lastKnownFileType = sourcecode.swift; path = DataManager.swift; sourceTree = "<group>"; };
		D2E1FF027245C10EF897FFC3 /* Pods_BigBurger.framework */ = {isa = PBXFileReference; explicitFileType = wrapper.framework; includeInIndex = 0; path = Pods_BigBurger.framework; sourceTree = BUILT_PRODUCTS_DIR; };
		F7ECBA131DA8EF2110F08BD3 /* Pods-BigBurger.release.xcconfig */ = {isa = PBXFileReference; includeInIndex = 1; lastKnownFileType = text.xcconfig; name = "Pods-BigBurger.release.xcconfig"; path = "Pods/Target Support Files/Pods-BigBurger/Pods-BigBurger.release.xcconfig"; sourceTree = "<group>"; };
/* End PBXFileReference section */

/* Begin PBXFrameworksBuildPhase section */
		ADC16C31201291AA00233215 /* Frameworks */ = {
			isa = PBXFrameworksBuildPhase;
			buildActionMask = 2147483647;
			files = (
				81E321D9CFED968253A145A0 /* Pods_BigBurger.framework in Frameworks */,
			);
			runOnlyForDeploymentPostprocessing = 0;
		};
/* End PBXFrameworksBuildPhase section */

/* Begin PBXGroup section */
		0F31E921774371754393372C /* Pods */ = {
			isa = PBXGroup;
			children = (
				3C3EBCDFCC1FC772380CEBE9 /* Pods-BigBurger.debug.xcconfig */,
				F7ECBA131DA8EF2110F08BD3 /* Pods-BigBurger.release.xcconfig */,
			);
			name = Pods;
			sourceTree = "<group>";
		};
		8E277659B9CF84CA5F0F1C31 /* Frameworks */ = {
			isa = PBXGroup;
			children = (
				D2E1FF027245C10EF897FFC3 /* Pods_BigBurger.framework */,
			);
			name = Frameworks;
			sourceTree = "<group>";
		};
		AD1892F42012FCE800E946F8 /* menus */ = {
			isa = PBXGroup;
			children = (
				ADC16C3B201291AA00233215 /* Main.storyboard */,
				AD1892F52012FD1200E946F8 /* MenusViewController.swift */,
				AD5010B4201305610019D7AA /* MenusContracts.swift */,
				AD5010B6201305790019D7AA /* MenusPresenter.swift */,
				AD1892FE201300C900E946F8 /* cells */,
			);
			path = menus;
			sourceTree = "<group>";
		};
		AD1892F72012FD7800E946F8 /* resources */ = {
			isa = PBXGroup;
			children = (
				ADC16C43201291AA00233215 /* Info.plist */,
				ADC16C3E201291AA00233215 /* Assets.xcassets */,
				AD1892FC2012FED100E946F8 /* LaunchScreen.storyboard */,
			);
			path = resources;
			sourceTree = "<group>";
		};
		AD1892F82012FDA200E946F8 /* application */ = {
			isa = PBXGroup;
			children = (
				ADC16C37201291AA00233215 /* AppDelegate.swift */,
			);
			path = application;
			sourceTree = "<group>";
		};
		AD1892FE201300C900E946F8 /* cells */ = {
			isa = PBXGroup;
			children = (
				AD1892FF201300E700E946F8 /* BurgerCell.swift */,
			);
			path = cells;
			sourceTree = "<group>";
		};
		AD57258420130C6F0040A25B /* base */ = {
			isa = PBXGroup;
			children = (
				AD57258720130CB90040A25B /* BaseView.swift */,
				ADAB2D7B20132A1600D0A760 /* BaseEventHandler.swift */,
				AD57258520130C8A0040A25B /* BasePresenter.swift */,
				AD0E494020190ACB000A256E /* BaseTableViewController.swift */,
			);
			path = base;
			sourceTree = "<group>";
		};
		AD57258920130D6A0040A25B /* utils */ = {
			isa = PBXGroup;
			children = (
				AD57258A20130D800040A25B /* UIViewControllerExtension.swift */,
			);
			path = utils;
			sourceTree = "<group>";
		};
		ADC16C2B201291AA00233215 = {
			isa = PBXGroup;
			children = (
				ADC16C36201291AA00233215 /* BigBurger */,
				ADC16C35201291AA00233215 /* Products */,
				0F31E921774371754393372C /* Pods */,
				8E277659B9CF84CA5F0F1C31 /* Frameworks */,
			);
			sourceTree = "<group>";
		};
		ADC16C35201291AA00233215 /* Products */ = {
			isa = PBXGroup;
			children = (
				ADC16C34201291AA00233215 /* BigBurger.app */,
			);
			name = Products;
			sourceTree = "<group>";
		};
		ADC16C36201291AA00233215 /* BigBurger */ = {
			isa = PBXGroup;
			children = (
				AD1892F82012FDA200E946F8 /* application */,
				ADC16C4A201291CE00233215 /* data */,
				ADC16C49201291C800233215 /* module */,
				AD57258920130D6A0040A25B /* utils */,
				AD1892F72012FD7800E946F8 /* resources */,
			);
			path = BigBurger;
			sourceTree = "<group>";
		};
		ADC16C49201291C800233215 /* module */ = {
			isa = PBXGroup;
			children = (
				AD57258420130C6F0040A25B /* base */,
				AD1892F42012FCE800E946F8 /* menus */,
			);
			path = module;
			sourceTree = "<group>";
		};
		ADC16C4A201291CE00233215 /* data */ = {
			isa = PBXGroup;
			children = (
				ADC16C4F201293C400233215 /* DataManager.swift */,
				ADC16C4D201293A700233215 /* model */,
				ADC16C4E201293B300233215 /* stores */,
			);
			path = data;
			sourceTree = "<group>";
		};
		ADC16C4D201293A700233215 /* model */ = {
			isa = PBXGroup;
			children = (
				ADC16C4B201291E100233215 /* Burger.swift */,
				AD7ADA15202F58E5005B9D03 /* APIError.swift */,
			);
			path = model;
			sourceTree = "<group>";
		};
		ADC16C4E201293B300233215 /* stores */ = {
			isa = PBXGroup;
			children = (
				AD1892FA2012FE6500E946F8 /* NetworkProvider.swift */,
			);
			path = stores;
			sourceTree = "<group>";
		};
/* End PBXGroup section */

/* Begin PBXNativeTarget section */
		ADC16C33201291AA00233215 /* BigBurger */ = {
			isa = PBXNativeTarget;
			buildConfigurationList = ADC16C46201291AA00233215 /* Build configuration list for PBXNativeTarget "BigBurger" */;
			buildPhases = (
				C0043339D511D0EA72A312A6 /* [CP] Check Pods Manifest.lock */,
				ADC16C30201291AA00233215 /* Sources */,
				ADC16C31201291AA00233215 /* Frameworks */,
				ADC16C32201291AA00233215 /* Resources */,
				D35AD60B90D5E813D97BBED1 /* [CP] Embed Pods Frameworks */,
				BD271BA0431F26E9E4D9F008 /* [CP] Copy Pods Resources */,
			);
			buildRules = (
			);
			dependencies = (
			);
			name = BigBurger;
			productName = BigBurger;
			productReference = ADC16C34201291AA00233215 /* BigBurger.app */;
			productType = "com.apple.product-type.application";
		};
/* End PBXNativeTarget section */

/* Begin PBXProject section */
		ADC16C2C201291AA00233215 /* Project object */ = {
			isa = PBXProject;
			attributes = {
				LastSwiftUpdateCheck = 0920;
				LastUpgradeCheck = 0920;
				ORGANIZATIONNAME = "Hugues Stéphano TELOLAHY";
				TargetAttributes = {
					ADC16C33201291AA00233215 = {
						CreatedOnToolsVersion = 9.2;
						ProvisioningStyle = Manual;
					};
				};
			};
			buildConfigurationList = ADC16C2F201291AA00233215 /* Build configuration list for PBXProject "BigBurger" */;
			compatibilityVersion = "Xcode 8.0";
			developmentRegion = en;
			hasScannedForEncodings = 0;
			knownRegions = (
				en,
				Base,
			);
			mainGroup = ADC16C2B201291AA00233215;
			productRefGroup = ADC16C35201291AA00233215 /* Products */;
			projectDirPath = "";
			projectRoot = "";
			targets = (
				ADC16C33201291AA00233215 /* BigBurger */,
			);
		};
/* End PBXProject section */

/* Begin PBXResourcesBuildPhase section */
		ADC16C32201291AA00233215 /* Resources */ = {
			isa = PBXResourcesBuildPhase;
			buildActionMask = 2147483647;
			files = (
				AD1892FD2012FED100E946F8 /* LaunchScreen.storyboard in Resources */,
				ADC16C3F201291AA00233215 /* Assets.xcassets in Resources */,
				ADC16C3D201291AA00233215 /* Main.storyboard in Resources */,
			);
			runOnlyForDeploymentPostprocessing = 0;
		};
/* End PBXResourcesBuildPhase section */

/* Begin PBXShellScriptBuildPhase section */
		BD271BA0431F26E9E4D9F008 /* [CP] Copy Pods Resources */ = {
			isa = PBXShellScriptBuildPhase;
			buildActionMask = 2147483647;
			files = (
			);
			inputPaths = (
			);
			name = "[CP] Copy Pods Resources";
			outputPaths = (
			);
			runOnlyForDeploymentPostprocessing = 0;
			shellPath = /bin/sh;
			shellScript = "\"${SRCROOT}/Pods/Target Support Files/Pods-BigBurger/Pods-BigBurger-resources.sh\"\n";
			showEnvVarsInLog = 0;
		};
		C0043339D511D0EA72A312A6 /* [CP] Check Pods Manifest.lock */ = {
			isa = PBXShellScriptBuildPhase;
			buildActionMask = 2147483647;
			files = (
			);
			inputPaths = (
				"${PODS_PODFILE_DIR_PATH}/Podfile.lock",
				"${PODS_ROOT}/Manifest.lock",
			);
			name = "[CP] Check Pods Manifest.lock";
			outputPaths = (
				"$(DERIVED_FILE_DIR)/Pods-BigBurger-checkManifestLockResult.txt",
			);
			runOnlyForDeploymentPostprocessing = 0;
			shellPath = /bin/sh;
			shellScript = "diff \"${PODS_PODFILE_DIR_PATH}/Podfile.lock\" \"${PODS_ROOT}/Manifest.lock\" > /dev/null\nif [ $? != 0 ] ; then\n    # print error to STDERR\n    echo \"error: The sandbox is not in sync with the Podfile.lock. Run 'pod install' or update your CocoaPods installation.\" >&2\n    exit 1\nfi\n# This output is used by Xcode 'outputs' to avoid re-running this script phase.\necho \"SUCCESS\" > \"${SCRIPT_OUTPUT_FILE_0}\"\n";
			showEnvVarsInLog = 0;
		};
		D35AD60B90D5E813D97BBED1 /* [CP] Embed Pods Frameworks */ = {
			isa = PBXShellScriptBuildPhase;
			buildActionMask = 2147483647;
			files = (
			);
			inputPaths = (
				"${SRCROOT}/Pods/Target Support Files/Pods-BigBurger/Pods-BigBurger-frameworks.sh",
				"${BUILT_PRODUCTS_DIR}/Alamofire/Alamofire.framework",
				"${BUILT_PRODUCTS_DIR}/Kingfisher/Kingfisher.framework",
				"${BUILT_PRODUCTS_DIR}/MBProgressHUD/MBProgressHUD.framework",
				"${BUILT_PRODUCTS_DIR}/RxCocoa/RxCocoa.framework",
				"${BUILT_PRODUCTS_DIR}/RxSwift/RxSwift.framework",
			);
			name = "[CP] Embed Pods Frameworks";
			outputPaths = (
				"${TARGET_BUILD_DIR}/${FRAMEWORKS_FOLDER_PATH}/Alamofire.framework",
				"${TARGET_BUILD_DIR}/${FRAMEWORKS_FOLDER_PATH}/Kingfisher.framework",
				"${TARGET_BUILD_DIR}/${FRAMEWORKS_FOLDER_PATH}/MBProgressHUD.framework",
				"${TARGET_BUILD_DIR}/${FRAMEWORKS_FOLDER_PATH}/RxCocoa.framework",
				"${TARGET_BUILD_DIR}/${FRAMEWORKS_FOLDER_PATH}/RxSwift.framework",
			);
			runOnlyForDeploymentPostprocessing = 0;
			shellPath = /bin/sh;
			shellScript = "\"${SRCROOT}/Pods/Target Support Files/Pods-BigBurger/Pods-BigBurger-frameworks.sh\"\n";
			showEnvVarsInLog = 0;
		};
/* End PBXShellScriptBuildPhase section */

/* Begin PBXSourcesBuildPhase section */
		ADC16C30201291AA00233215 /* Sources */ = {
			isa = PBXSourcesBuildPhase;
			buildActionMask = 2147483647;
			files = (
				AD1892F62012FD1200E946F8 /* MenusViewController.swift in Sources */,
				ADC16C4C201291E100233215 /* Burger.swift in Sources */,
				AD0E494120190ACB000A256E /* BaseTableViewController.swift in Sources */,
				AD189300201300E700E946F8 /* BurgerCell.swift in Sources */,
				AD5010B5201305610019D7AA /* MenusContracts.swift in Sources */,
				ADC16C50201293C400233215 /* DataManager.swift in Sources */,
				AD57258620130C8A0040A25B /* BasePresenter.swift in Sources */,
				ADC16C38201291AA00233215 /* AppDelegate.swift in Sources */,
				AD57258820130CB90040A25B /* BaseView.swift in Sources */,
				ADAB2D7C20132A1600D0A760 /* BaseEventHandler.swift in Sources */,
				AD1892FB2012FE6500E946F8 /* NetworkProvider.swift in Sources */,
				AD57258B20130D800040A25B /* UIViewControllerExtension.swift in Sources */,
				AD5010B7201305790019D7AA /* MenusPresenter.swift in Sources */,
				AD7ADA16202F58E5005B9D03 /* APIError.swift in Sources */,
			);
			runOnlyForDeploymentPostprocessing = 0;
		};
/* End PBXSourcesBuildPhase section */

/* Begin PBXVariantGroup section */
		ADC16C3B201291AA00233215 /* Main.storyboard */ = {
			isa = PBXVariantGroup;
			children = (
				ADC16C3C201291AA00233215 /* Base */,
			);
			name = Main.storyboard;
			sourceTree = "<group>";
		};
/* End PBXVariantGroup section */

/* Begin XCBuildConfiguration section */
		ADC16C44201291AA00233215 /* Debug */ = {
			isa = XCBuildConfiguration;
			buildSettings = {
				ALWAYS_SEARCH_USER_PATHS = NO;
				CLANG_ANALYZER_NONNULL = YES;
				CLANG_ANALYZER_NUMBER_OBJECT_CONVERSION = YES_AGGRESSIVE;
				CLANG_CXX_LANGUAGE_STANDARD = "gnu++14";
				CLANG_CXX_LIBRARY = "libc++";
				CLANG_ENABLE_MODULES = YES;
				CLANG_ENABLE_OBJC_ARC = YES;
				CLANG_WARN_BLOCK_CAPTURE_AUTORELEASING = YES;
				CLANG_WARN_BOOL_CONVERSION = YES;
				CLANG_WARN_COMMA = YES;
				CLANG_WARN_CONSTANT_CONVERSION = YES;
				CLANG_WARN_DIRECT_OBJC_ISA_USAGE = YES_ERROR;
				CLANG_WARN_DOCUMENTATION_COMMENTS = YES;
				CLANG_WARN_EMPTY_BODY = YES;
				CLANG_WARN_ENUM_CONVERSION = YES;
				CLANG_WARN_INFINITE_RECURSION = YES;
				CLANG_WARN_INT_CONVERSION = YES;
				CLANG_WARN_NON_LITERAL_NULL_CONVERSION = YES;
				CLANG_WARN_OBJC_LITERAL_CONVERSION = YES;
				CLANG_WARN_OBJC_ROOT_CLASS = YES_ERROR;
				CLANG_WARN_RANGE_LOOP_ANALYSIS = YES;
				CLANG_WARN_STRICT_PROTOTYPES = YES;
				CLANG_WARN_SUSPICIOUS_MOVE = YES;
				CLANG_WARN_UNGUARDED_AVAILABILITY = YES_AGGRESSIVE;
				CLANG_WARN_UNREACHABLE_CODE = YES;
				CLANG_WARN__DUPLICATE_METHOD_MATCH = YES;
				CODE_SIGN_IDENTITY = "iPhone Developer";
				COPY_PHASE_STRIP = NO;
				DEBUG_INFORMATION_FORMAT = dwarf;
				ENABLE_STRICT_OBJC_MSGSEND = YES;
				ENABLE_TESTABILITY = YES;
				GCC_C_LANGUAGE_STANDARD = gnu11;
				GCC_DYNAMIC_NO_PIC = NO;
				GCC_NO_COMMON_BLOCKS = YES;
				GCC_OPTIMIZATION_LEVEL = 0;
				GCC_PREPROCESSOR_DEFINITIONS = (
					"DEBUG=1",
					"$(inherited)",
				);
				GCC_WARN_64_TO_32_BIT_CONVERSION = YES;
				GCC_WARN_ABOUT_RETURN_TYPE = YES_ERROR;
				GCC_WARN_UNDECLARED_SELECTOR = YES;
				GCC_WARN_UNINITIALIZED_AUTOS = YES_AGGRESSIVE;
				GCC_WARN_UNUSED_FUNCTION = YES;
				GCC_WARN_UNUSED_VARIABLE = YES;
				IPHONEOS_DEPLOYMENT_TARGET = 11.2;
				MTL_ENABLE_DEBUG_INFO = YES;
				ONLY_ACTIVE_ARCH = YES;
				SDKROOT = iphoneos;
				SWIFT_ACTIVE_COMPILATION_CONDITIONS = DEBUG;
				SWIFT_OPTIMIZATION_LEVEL = "-Onone";
			};
			name = Debug;
		};
		ADC16C45201291AA00233215 /* Release */ = {
			isa = XCBuildConfiguration;
			buildSettings = {
				ALWAYS_SEARCH_USER_PATHS = NO;
				CLANG_ANALYZER_NONNULL = YES;
				CLANG_ANALYZER_NUMBER_OBJECT_CONVERSION = YES_AGGRESSIVE;
				CLANG_CXX_LANGUAGE_STANDARD = "gnu++14";
				CLANG_CXX_LIBRARY = "libc++";
				CLANG_ENABLE_MODULES = YES;
				CLANG_ENABLE_OBJC_ARC = YES;
				CLANG_WARN_BLOCK_CAPTURE_AUTORELEASING = YES;
				CLANG_WARN_BOOL_CONVERSION = YES;
				CLANG_WARN_COMMA = YES;
				CLANG_WARN_CONSTANT_CONVERSION = YES;
				CLANG_WARN_DIRECT_OBJC_ISA_USAGE = YES_ERROR;
				CLANG_WARN_DOCUMENTATION_COMMENTS = YES;
				CLANG_WARN_EMPTY_BODY = YES;
				CLANG_WARN_ENUM_CONVERSION = YES;
				CLANG_WARN_INFINITE_RECURSION = YES;
				CLANG_WARN_INT_CONVERSION = YES;
				CLANG_WARN_NON_LITERAL_NULL_CONVERSION = YES;
				CLANG_WARN_OBJC_LITERAL_CONVERSION = YES;
				CLANG_WARN_OBJC_ROOT_CLASS = YES_ERROR;
				CLANG_WARN_RANGE_LOOP_ANALYSIS = YES;
				CLANG_WARN_STRICT_PROTOTYPES = YES;
				CLANG_WARN_SUSPICIOUS_MOVE = YES;
				CLANG_WARN_UNGUARDED_AVAILABILITY = YES_AGGRESSIVE;
				CLANG_WARN_UNREACHABLE_CODE = YES;
				CLANG_WARN__DUPLICATE_METHOD_MATCH = YES;
				CODE_SIGN_IDENTITY = "iPhone Developer";
				COPY_PHASE_STRIP = NO;
				DEBUG_INFORMATION_FORMAT = "dwarf-with-dsym";
				ENABLE_NS_ASSERTIONS = NO;
				ENABLE_STRICT_OBJC_MSGSEND = YES;
				GCC_C_LANGUAGE_STANDARD = gnu11;
				GCC_NO_COMMON_BLOCKS = YES;
				GCC_WARN_64_TO_32_BIT_CONVERSION = YES;
				GCC_WARN_ABOUT_RETURN_TYPE = YES_ERROR;
				GCC_WARN_UNDECLARED_SELECTOR = YES;
				GCC_WARN_UNINITIALIZED_AUTOS = YES_AGGRESSIVE;
				GCC_WARN_UNUSED_FUNCTION = YES;
				GCC_WARN_UNUSED_VARIABLE = YES;
				IPHONEOS_DEPLOYMENT_TARGET = 11.2;
				MTL_ENABLE_DEBUG_INFO = NO;
				SDKROOT = iphoneos;
				SWIFT_OPTIMIZATION_LEVEL = "-Owholemodule";
				VALIDATE_PRODUCT = YES;
			};
			name = Release;
		};
		ADC16C47201291AA00233215 /* Debug */ = {
			isa = XCBuildConfiguration;
			baseConfigurationReference = 3C3EBCDFCC1FC772380CEBE9 /* Pods-BigBurger.debug.xcconfig */;
			buildSettings = {
				ASSETCATALOG_COMPILER_APPICON_NAME = AppIcon;
				CODE_SIGN_STYLE = Manual;
				DEVELOPMENT_TEAM = "";
				INFOPLIST_FILE = "$(SRCROOT)/BigBurger/resources/Info.plist";
				LD_RUNPATH_SEARCH_PATHS = "$(inherited) @executable_path/Frameworks";
				PRODUCT_BUNDLE_IDENTIFIER = com.creativegames.BigBurger;
				PRODUCT_NAME = "$(TARGET_NAME)";
				PROVISIONING_PROFILE_SPECIFIER = "";
				SWIFT_VERSION = 4.0;
				TARGETED_DEVICE_FAMILY = "1,2";
			};
			name = Debug;
		};
		ADC16C48201291AA00233215 /* Release */ = {
			isa = XCBuildConfiguration;
			baseConfigurationReference = F7ECBA131DA8EF2110F08BD3 /* Pods-BigBurger.release.xcconfig */;
			buildSettings = {
				ASSETCATALOG_COMPILER_APPICON_NAME = AppIcon;
				CODE_SIGN_STYLE = Manual;
				DEVELOPMENT_TEAM = "";
				INFOPLIST_FILE = "$(SRCROOT)/BigBurger/resources/Info.plist";
				LD_RUNPATH_SEARCH_PATHS = "$(inherited) @executable_path/Frameworks";
				PRODUCT_BUNDLE_IDENTIFIER = com.creativegames.BigBurger;
				PRODUCT_NAME = "$(TARGET_NAME)";
				PROVISIONING_PROFILE_SPECIFIER = "";
				SWIFT_VERSION = 4.0;
				TARGETED_DEVICE_FAMILY = "1,2";
			};
			name = Release;
		};
/* End XCBuildConfiguration section */

/* Begin XCConfigurationList section */
		ADC16C2F201291AA00233215 /* Build configuration list for PBXProject "BigBurger" */ = {
			isa = XCConfigurationList;
			buildConfigurations = (
				ADC16C44201291AA00233215 /* Debug */,
				ADC16C45201291AA00233215 /* Release */,
			);
			defaultConfigurationIsVisible = 0;
			defaultConfigurationName = Release;
		};
		ADC16C46201291AA00233215 /* Build configuration list for PBXNativeTarget "BigBurger" */ = {
			isa = XCConfigurationList;
			buildConfigurations = (
				ADC16C47201291AA00233215 /* Debug */,
				ADC16C48201291AA00233215 /* Release */,
			);
			defaultConfigurationIsVisible = 0;
			defaultConfigurationName = Release;
		};
/* End XCConfigurationList section */
	};
	rootObject = ADC16C2C201291AA00233215 /* Project object */;
}
